
Microsoft Visual Studio Solution File, Format Version 12.00
# Visual Studio Version 17
VisualStudioVersion = 17.14.36212.18 d17.14
MinimumVisualStudioVersion = 10.0.40219.1
Project("{FAE04EC0-301F-11D3-BF4B-00C04F79EFBC}") = "JogoXadrezConsole", "JogoXadrezConsole\JogoXadrezConsole.csproj", "{72410D19-22E5-41A1-B415-A1F7EB6B5AA1}"
EndProject
Global
	GlobalSection(SolutionConfigurationPlatforms) = preSolution
		Debug|Any CPU = Debug|Any CPU
		Release|Any CPU = Release|Any CPU
	EndGlobalSection
	GlobalSection(ProjectConfigurationPlatforms) = postSolution
		{72410D19-22E5-41A1-B415-A1F7EB6B5AA1}.Debug|Any CPU.ActiveCfg = Debug|Any CPU
		{72410D19-22E5-41A1-B415-A1F7EB6B5AA1}.Debug|Any CPU.Build.0 = Debug|Any CPU
		{72410D19-22E5-41A1-B415-A1F7EB6B5AA1}.Release|Any CPU.ActiveCfg = Release|Any CPU
		{72410D19-22E5-41A1-B415-A1F7EB6B5AA1}.Release|Any CPU.Build.0 = Release|Any CPU
	EndGlobalSection
	GlobalSection(SolutionProperties) = preSolution
		HideSolutionNode = FALSE
	EndGlobalSection
	GlobalSection(ExtensibilityGlobals) = postSolution
		SolutionGuid = {7FE91935-2CB6-467E-9D3A-0F88C7A0F6ED}
	EndGlobalSection
EndGlobal
